
Microsoft Visual Studio Solution File, Format Version 12.00
# Visual Studio Version 17
VisualStudioVersion = 17.0.31903.59
MinimumVisualStudioVersion = 10.0.40219.1
Project("{2150E333-8FDC-42A3-9474-1A3956D46DE8}") = "src", "src", "{E7A48807-CB6D-444A-8F88-06AEDF137D06}"
EndProject
Project("{FAE04EC0-301F-11D3-BF4B-00C04F79EFBC}") = "SaveApis.Core.Generator", "src\SaveApis.Core.Generator\SaveApis.Core.Generator.csproj", "{C08C86AE-7433-4F03-8550-5CD0884BD95B}"
EndProject
Project("{FAE04EC0-301F-11D3-BF4B-00C04F79EFBC}") = "SaveApis.Core.Common", "src\SaveApis.Core.Common\SaveApis.Core.Common.csproj", "{17201A99-0466-49AD-B535-5235790B090A}"
EndProject
Project("{FAE04EC0-301F-11D3-BF4B-00C04F79EFBC}") = "SaveApis.Core.Web", "src\SaveApis.Core.Web\SaveApis.Core.Web.csproj", "{B815DD6C-1FD5-4F09-8067-F070C006843E}"
EndProject
Project("{2150E333-8FDC-42A3-9474-1A3956D46DE8}") = "examples", "examples", "{EE2F0CC8-9333-41DD-B6BB-0FBBD38545F5}"
EndProject
Project("{FAE04EC0-301F-11D3-BF4B-00C04F79EFBC}") = "Example.Web", "examples\Example.Web\Example.Web.csproj", "{B8060FCB-4171-4313-B82F-9FF8A43611CC}"
EndProject
Global
	GlobalSection(SolutionConfigurationPlatforms) = preSolution
		Debug|Any CPU = Debug|Any CPU
		Release|Any CPU = Release|Any CPU
	EndGlobalSection
	GlobalSection(SolutionProperties) = preSolution
		HideSolutionNode = FALSE
	EndGlobalSection
	GlobalSection(ProjectConfigurationPlatforms) = postSolution
		{C08C86AE-7433-4F03-8550-5CD0884BD95B}.Debug|Any CPU.ActiveCfg = Debug|Any CPU
		{C08C86AE-7433-4F03-8550-5CD0884BD95B}.Debug|Any CPU.Build.0 = Debug|Any CPU
		{C08C86AE-7433-4F03-8550-5CD0884BD95B}.Release|Any CPU.ActiveCfg = Release|Any CPU
		{C08C86AE-7433-4F03-8550-5CD0884BD95B}.Release|Any CPU.Build.0 = Release|Any CPU
		{17201A99-0466-49AD-B535-5235790B090A}.Debug|Any CPU.ActiveCfg = Debug|Any CPU
		{17201A99-0466-49AD-B535-5235790B090A}.Debug|Any CPU.Build.0 = Debug|Any CPU
		{17201A99-0466-49AD-B535-5235790B090A}.Release|Any CPU.ActiveCfg = Release|Any CPU
		{17201A99-0466-49AD-B535-5235790B090A}.Release|Any CPU.Build.0 = Release|Any CPU
		{B815DD6C-1FD5-4F09-8067-F070C006843E}.Debug|Any CPU.ActiveCfg = Debug|Any CPU
		{B815DD6C-1FD5-4F09-8067-F070C006843E}.Debug|Any CPU.Build.0 = Debug|Any CPU
		{B815DD6C-1FD5-4F09-8067-F070C006843E}.Release|Any CPU.ActiveCfg = Release|Any CPU
		{B815DD6C-1FD5-4F09-8067-F070C006843E}.Release|Any CPU.Build.0 = Release|Any CPU
		{B8060FCB-4171-4313-B82F-9FF8A43611CC}.Debug|Any CPU.ActiveCfg = Debug|Any CPU
		{B8060FCB-4171-4313-B82F-9FF8A43611CC}.Debug|Any CPU.Build.0 = Debug|Any CPU
		{B8060FCB-4171-4313-B82F-9FF8A43611CC}.Release|Any CPU.ActiveCfg = Release|Any CPU
		{B8060FCB-4171-4313-B82F-9FF8A43611CC}.Release|Any CPU.Build.0 = Release|Any CPU
	EndGlobalSection
	GlobalSection(NestedProjects) = preSolution
		{C08C86AE-7433-4F03-8550-5CD0884BD95B} = {E7A48807-CB6D-444A-8F88-06AEDF137D06}
		{17201A99-0466-49AD-B535-5235790B090A} = {E7A48807-CB6D-444A-8F88-06AEDF137D06}
		{B815DD6C-1FD5-4F09-8067-F070C006843E} = {E7A48807-CB6D-444A-8F88-06AEDF137D06}
		{B8060FCB-4171-4313-B82F-9FF8A43611CC} = {EE2F0CC8-9333-41DD-B6BB-0FBBD38545F5}
	EndGlobalSection
EndGlobal
